{
  "nodes": {
    "chataigne": {
      "inputs": {
        "nixpkgs": "nixpkgs",
        "pinned-nixpkgs": "pinned-nixpkgs"
      },
      "locked": {
        "path": "./modules/chataigne",
        "type": "path"
      },
      "original": {
        "path": "./modules/chataigne",
        "type": "path"
      },
      "parent": []
    },
    "doot": {
      "inputs": {
        "doot-src": "doot-src",
        "nixpkgs": "nixpkgs_2",
        "utils": "utils"
      },
      "locked": {
        "lastModified": 1767536004,
        "narHash": "sha256-jvKYKYVUF+jQoWR5umYSaAk9IGFkV3j1n+tiOgupZjw=",
        "owner": "voidarclabs",
        "repo": "nixos.doot",
        "rev": "78898e11478aad96df7d462d8d5deed99974be80",
        "type": "github"
      },
      "original": {
        "owner": "voidarclabs",
        "repo": "nixos.doot",
        "type": "github"
      }
    },
    "doot-src": {
      "flake": false,
      "locked": {
        "lastModified": 1760873580,
        "narHash": "sha256-h7JNd6748vUpDw7wriMyN9jLV9m/BE2yan2VCQzar1Q=",
        "owner": "pol-rivero",
        "repo": "doot",
        "rev": "05b1036d3457bbf49169ac161e7b62c8eb031684",
        "type": "github"
      },
      "original": {
        "owner": "pol-rivero",
        "repo": "doot",
        "type": "github"
      }
    },
    "elephant": {
      "inputs": {
        "nixpkgs": "nixpkgs_3",
        "systems": "systems_2"
      },
      "locked": {
        "lastModified": 1769093894,
        "narHash": "sha256-Ka1uvhSq66yp0IlNFFpx7h+NlysbN52/yUbQKvI4AiA=",
        "owner": "abenz1267",
        "repo": "elephant",
        "rev": "b34dd272ab5dc60096157d7cc7ff781f359c48b1",
        "type": "github"
      },
      "original": {
        "owner": "abenz1267",
        "repo": "elephant",
        "type": "github"
      }
    },
    "flake-utils": {
      "inputs": {
        "systems": "systems_3"
      },
      "locked": {
        "lastModified": 1731533236,
        "narHash": "sha256-l0KFg5HjrsfsO/JpG+r7fRrqm12kzFHyUHqHCVpMMbI=",
        "owner": "numtide",
        "repo": "flake-utils",
        "rev": "11707dc2f618dd54ca8739b309ec4fc024de578b",
        "type": "github"
      },
      "original": {
        "owner": "numtide",
        "repo": "flake-utils",
        "type": "github"
      }
    },
    "home-manager": {
      "inputs": {
        "nixpkgs": [
          "hyprfloat",
          "nixpkgs"
        ]
      },
      "locked": {
        "lastModified": 1762296971,
        "narHash": "sha256-Jyv3L5rrUYpecON+9zyFz2VqgTSTsIG35fXuCyuCQv0=",
        "owner": "nix-community",
        "repo": "home-manager",
        "rev": "34fe48801d2a5301b814eaa1efb496499d06cebc",
        "type": "github"
      },
      "original": {
        "owner": "nix-community",
        "repo": "home-manager",
        "type": "github"
      }
    },
    "hyprfloat": {
      "inputs": {
        "flake-utils": "flake-utils",
        "home-manager": "home-manager",
        "nixpkgs": [
          "nixpkgs"
        ]
      },
      "locked": {
        "lastModified": 1765567261,
        "narHash": "sha256-OmrVyrlhyBh1WMmWwVJOQOha/tmsoliMuWQtfG7lxKc=",
        "owner": "nevimmu",
        "repo": "hyprfloat",
        "rev": "6306d4f68133744e0b03ffcd7cb887ed44799397",
        "type": "github"
      },
      "original": {
        "owner": "nevimmu",
        "repo": "hyprfloat",
        "type": "github"
      }
    },
    "nixpkgs": {
      "locked": {
        "lastModified": 1769018530,
        "narHash": "sha256-MJ27Cy2NtBEV5tsK+YraYr2g851f3Fl1LpNHDzDX15c=",
        "owner": "NixOS",
        "repo": "nixpkgs",
        "rev": "88d3861acdd3d2f0e361767018218e51810df8a1",
        "type": "github"
      },
      "original": {
        "owner": "NixOS",
        "ref": "nixos-unstable",
        "repo": "nixpkgs",
        "type": "github"
      }
    },
    "nixpkgs_2": {
      "locked": {
        "lastModified": 1767379071,
        "narHash": "sha256-EgE0pxsrW9jp9YFMkHL9JMXxcqi/OoumPJYwf+Okucw=",
        "owner": "nixos",
        "repo": "nixpkgs",
        "rev": "fb7944c166a3b630f177938e478f0378e64ce108",
        "type": "github"
      },
      "original": {
        "owner": "nixos",
        "ref": "nixos-unstable",
        "repo": "nixpkgs",
        "type": "github"
      }
    },
    "nixpkgs_3": {
      "locked": {
        "lastModified": 1764242076,
        "narHash": "sha256-sKoIWfnijJ0+9e4wRvIgm/HgE27bzwQxcEmo2J/gNpI=",
        "owner": "NixOS",
        "repo": "nixpkgs",
        "rev": "2fad6eac6077f03fe109c4d4eb171cf96791faa4",
        "type": "github"
      },
      "original": {
        "owner": "NixOS",
        "ref": "nixos-unstable",
        "repo": "nixpkgs",
        "type": "github"
      }
    },
    "nixpkgs_4": {
      "locked": {
        "lastModified": 1769018530,
        "narHash": "sha256-MJ27Cy2NtBEV5tsK+YraYr2g851f3Fl1LpNHDzDX15c=",
        "owner": "nixos",
        "repo": "nixpkgs",
        "rev": "88d3861acdd3d2f0e361767018218e51810df8a1",
        "type": "github"
      },
      "original": {
        "owner": "nixos",
        "ref": "nixos-unstable",
        "repo": "nixpkgs",
        "type": "github"
      }
    },
    "nixpkgs_5": {
      "locked": {
        "lastModified": 1768564909,
        "narHash": "sha256-Kell/SpJYVkHWMvnhqJz/8DqQg2b6PguxVWOuadbHCc=",
        "owner": "NixOS",
        "repo": "nixpkgs",
        "rev": "e4bae1bd10c9c57b2cf517953ab70060a828ee6f",
        "type": "github"
      },
      "original": {
        "owner": "NixOS",
        "ref": "nixos-unstable",
        "repo": "nixpkgs",
        "type": "github"
      }
    },
    "nixpkgs_6": {
      "locked": {
        "lastModified": 1761597516,
        "narHash": "sha256-wxX7u6D2rpkJLWkZ2E932SIvDJW8+ON/0Yy8+a5vsDU=",
        "owner": "nixos",
        "repo": "nixpkgs",
        "rev": "daf6dc47aa4b44791372d6139ab7b25269184d55",
        "type": "github"
      },
      "original": {
        "owner": "nixos",
        "ref": "nixos-25.05",
        "repo": "nixpkgs",
        "type": "github"
      }
    },
    "pinned-nixpkgs": {
      "flake": false,
      "locked": {
        "lastModified": 1708756934,
        "narHash": "sha256-WqpheJblJ901Svd5NmLJYLmZ3f4fYLkSOyx9i06+un0=",
        "owner": "NixOS",
        "repo": "nixpkgs",
        "rev": "5171d7b0a9fbaaf216c873622eb5115b6db97957",
        "type": "github"
      },
      "original": {
        "owner": "NixOS",
        "repo": "nixpkgs",
        "rev": "5171d7b0a9fbaaf216c873622eb5115b6db97957",
        "type": "github"
      }
    },
    "root": {
      "inputs": {
        "chataigne": "chataigne",
        "doot": "doot",
        "elephant": "elephant",
        "hyprfloat": "hyprfloat",
        "nixpkgs": "nixpkgs_4",
        "walker": "walker",
        "way-edges": "way-edges"
      }
    },
    "rust-overlay": {
      "inputs": {
        "nixpkgs": [
          "way-edges",
          "nixpkgs"
        ]
      },
      "locked": {
        "lastModified": 1761878277,
        "narHash": "sha256-6fCtyVdTzoQejwoextAu7dCLoy5fyD3WVh+Qm7t2Nhg=",
        "owner": "oxalica",
        "repo": "rust-overlay",
        "rev": "6604534e44090c917db714faa58d47861657690c",
        "type": "github"
      },
      "original": {
        "owner": "oxalica",
        "repo": "rust-overlay",
        "type": "github"
      }
    },
    "systems": {
      "locked": {
        "lastModified": 1681028828,
        "narHash": "sha256-Vy1rq5AaRuLzOxct8nz4T6wlgyUR7zLU309k9mBC768=",
        "owner": "nix-systems",
        "repo": "default",
        "rev": "da67096a3b9bf56a91d16901293e51ba5b49a27e",
        "type": "github"
      },
      "original": {
        "owner": "nix-systems",
        "repo": "default",
        "type": "github"
      }
    },
    "systems_2": {
      "locked": {
        "lastModified": 1689347949,
        "narHash": "sha256-12tWmuL2zgBgZkdoB6qXZsgJEH9LR3oUgpaQq2RbI80=",
        "owner": "nix-systems",
        "repo": "default-linux",
        "rev": "31732fcf5e8fea42e59c2488ad31a0e651500f68",
        "type": "github"
      },
      "original": {
        "owner": "nix-systems",
        "repo": "default-linux",
        "type": "github"
      }
    },
    "systems_3": {
      "locked": {
        "lastModified": 1681028828,
        "narHash": "sha256-Vy1rq5AaRuLzOxct8nz4T6wlgyUR7zLU309k9mBC768=",
        "owner": "nix-systems",
        "repo": "default",
        "rev": "da67096a3b9bf56a91d16901293e51ba5b49a27e",
        "type": "github"
      },
      "original": {
        "owner": "nix-systems",
        "repo": "default",
        "type": "github"
      }
    },
    "systems_4": {
      "locked": {
        "lastModified": 1689347949,
        "narHash": "sha256-12tWmuL2zgBgZkdoB6qXZsgJEH9LR3oUgpaQq2RbI80=",
        "owner": "nix-systems",
        "repo": "default-linux",
        "rev": "31732fcf5e8fea42e59c2488ad31a0e651500f68",
        "type": "github"
      },
      "original": {
        "owner": "nix-systems",
        "repo": "default-linux",
        "type": "github"
      }
    },
    "utils": {
      "inputs": {
        "systems": "systems"
      },
      "locked": {
        "lastModified": 1731533236,
        "narHash": "sha256-l0KFg5HjrsfsO/JpG+r7fRrqm12kzFHyUHqHCVpMMbI=",
        "owner": "numtide",
        "repo": "flake-utils",
        "rev": "11707dc2f618dd54ca8739b309ec4fc024de578b",
        "type": "github"
      },
      "original": {
        "owner": "numtide",
        "repo": "flake-utils",
        "type": "github"
      }
    },
    "walker": {
      "inputs": {
        "elephant": [
          "elephant"
        ],
        "nixpkgs": "nixpkgs_5",
        "systems": "systems_4"
      },
      "locked": {
        "lastModified": 1769093508,
        "narHash": "sha256-ccwJ1ADGNFd5LDF2JWdfP7+f1Hs2EvJ+2o6sUOdYi7w=",
        "owner": "abenz1267",
        "repo": "walker",
        "rev": "e427025bdda667712b08dd56f1a0a23667f1364c",
        "type": "github"
      },
      "original": {
        "owner": "abenz1267",
        "repo": "walker",
        "type": "github"
      }
    },
    "way-edges": {
      "inputs": {
        "nixpkgs": "nixpkgs_6",
        "rust-overlay": "rust-overlay"
      },
      "locked": {
        "lastModified": 1766153193,
        "narHash": "sha256-E1kDfofMXNX5XjrJggSFDVid6/1ETmbp3qRXuuGd6zM=",
        "owner": "way-edges",
        "repo": "way-edges",
        "rev": "03a9091642ad39345115223890000481eeac8333",
        "type": "github"
      },
      "original": {
        "owner": "way-edges",
        "repo": "way-edges",
        "type": "github"
      }
    }
  },
  "root": "root",
  "version": 7
}
